9fans.net/internal/go-lsp v0.0.0-20240406143457-bb36aa85881a h1:XAfaMe2Mt0aBSGuG6jfuJv3ZxkFyaV7kmtZzdizJDY4=
9fans.net/internal/go-lsp v0.0.0-20240406143457-bb36aa85881a/go.mod h1:0/rCSlZo+66g+WpzTJuod4f7dHG6Yo8kxehfOhrt9RU=
github.com/BurntSushi/toml v0.3.1 h1:WXkYYl6Yr3qBf1K79EBnL4mak0OimBfB0XUf9Vl28OQ=
github.com/BurntSushi/toml v0.3.1/go.mod h1:xHWCNGjB5oqiDr8zfno3MHue2Ht5sIBksp03qcyfWMU=
github.com/fhs/9fans-go v0.0.0-fhs.20200606 h1:kwqns/76paQLNLDx9I5UFkFG1z1tSqHq8a3j/I0kLr4=
github.com/fhs/9fans-go v0.0.0-fhs.20200606/go.mod h1:9PelHyep+qBAEyYdGnqAa66ZGjWE0L8EJP+GIDz8p7M=
github.com/google/go-cmp v0.3.0 h1:crn/baboCvb5fXaQ0IJ1SGTsTVrWpDsCWC8EGETZijY=
github.com/google/go-cmp v0.3.0/go.mod h1:8QqcDgzrUqlUb/G2PQTWiueGozuR1884gddMywk6iLU=
github.com/gorilla/websocket v1.4.1 h1:q7AeDBpnBk8AogcD4DSag/Ukw/KV+YhzLj2bP5HvKCM=
github.com/gorilla/websocket v1.4.1/go.mod h1:YR8l580nyteQvAITg2hZ9XVh4b55+EU/adAjf1fMHhE=
github.com/sourcegraph/jsonrpc2 v0.2.0 h1:KjN/dC4fP6aN9030MZCJs9WQbTOjWHhrtKVpzzSrr/U=
github.com/sourcegraph/jsonrpc2 v0.2.0/go.mod h1:ZafdZgk/axhT1cvZAPOhw+95nz2I/Ra5qMlU4gTRwIo=
